<?xml version="1.0" encoding="utf-8"?>
<Project ToolsVersion="4.0" xmlns="http://schemas.microsoft.com/developer/msbuild/2003">
  <ItemGroup>
    <Filter Include="Source Files">
      <UniqueIdentifier>{4FC737F1-C7A5-4376-A066-2A32D752A2FF}</UniqueIdentifier>
      <Extensions>cpp;c;cc;cxx;def;odl;idl;hpj;bat;asm;asmx</Extensions>
    </Filter>
    <Filter Include="Header Files">
      <UniqueIdentifier>{93995380-89BD-4b04-88EB-625FBE52EBFB}</UniqueIdentifier>
      <Extensions>h;hh;hpp;hxx;hm;inl;inc;xsd</Extensions>
    </Filter>
    <Filter Include="Resource Files">
      <UniqueIdentifier>{67DA6AB6-F800-4c08-8B7A-83BB121AAD01}</UniqueIdentifier>
      <Extensions>rc;ico;cur;bmp;dlg;rc2;rct;bin;rgs;gif;jpg;jpeg;jpe;resx;tiff;tif;png;wav;mfcribbon-ms</Extensions>
    </Filter>
    <Filter Include="Header Files\CoreGraphics">
      <UniqueIdentifier>{4acfa8ca-d4d3-46cd-8129-5330e0ef0669}</UniqueIdentifier>
    </Filter>
    <Filter Include="Source Files\CoreGraphics">
      <UniqueIdentifier>{311670f5-065c-4488-877b-b35dbad461b6}</UniqueIdentifier>
    </Filter>
    <Filter Include="Header Files\Renderers">
      <UniqueIdentifier>{e4123bcc-6ccc-4a3c-bb0e-c5663a9ff148}</UniqueIdentifier>
    </Filter>
    <Filter Include="Header Files\Scene">
      <UniqueIdentifier>{a8ebdb88-c70e-4092-9a66-32dc2c2e06f7}</UniqueIdentifier>
    </Filter>
    <Filter Include="Source Files\Scene">
      <UniqueIdentifier>{11559e90-6e86-416b-9641-da7f4486fc5d}</UniqueIdentifier>
    </Filter>
    <Filter Include="Source Files\Renderers">
      <UniqueIdentifier>{8649af1e-4ed4-4f52-978f-d380e4726308}</UniqueIdentifier>
    </Filter>
    <Filter Include="Resource Files\Shaders">
      <UniqueIdentifier>{d37ee77a-c868-4b13-b819-cee7e65729b2}</UniqueIdentifier>
    </Filter>
  </ItemGroup>
  <ItemGroup>
    <ClCompile Include="Main.cpp">
      <Filter>Source Files</Filter>
    </ClCompile>
    <ClCompile Include="Precomp.cpp">
      <Filter>Source Files</Filter>
    </ClCompile>
    <ClCompile Include="AssetLoader.cpp">
      <Filter>Source Files</Filter>
    </ClCompile>
    <ClCompile Include="Scene\Scene.cpp">
      <Filter>Source Files\Scene</Filter>
    </ClCompile>
    <ClCompile Include="Scene\Visual.cpp">
      <Filter>Source Files\Scene</Filter>
    </ClCompile>
    <ClCompile Include="CoreGraphics\ConstantBuffer.cpp">
      <Filter>Source Files\CoreGraphics</Filter>
    </ClCompile>
    <ClCompile Include="CoreGraphics\DxgiPresenter.cpp">
      <Filter>Source Files\CoreGraphics</Filter>
    </ClCompile>
    <ClCompile Include="CoreGraphics\GraphicsDevice.cpp">
      <Filter>Source Files\CoreGraphics</Filter>
    </ClCompile>
    <ClCompile Include="CoreGraphics\IndexBuffer.cpp">
      <Filter>Source Files\CoreGraphics</Filter>
    </ClCompile>
    <ClCompile Include="Renderers\LPFRenderer.cpp">
      <Filter>Source Files\Renderers</Filter>
    </ClCompile>
    <ClCompile Include="CoreGraphics\ShaderPass.cpp">
      <Filter>Source Files\CoreGraphics</Filter>
    </ClCompile>
    <ClCompile Include="CoreGraphics\Texture.cpp">
      <Filter>Source Files\CoreGraphics</Filter>
    </ClCompile>
    <ClCompile Include="CoreGraphics\VertexBuffer.cpp">
      <Filter>Source Files\CoreGraphics</Filter>
    </ClCompile>
    <ClCompile Include="CoreGraphics\VertexFormats.cpp">
      <Filter>Source Files\CoreGraphics</Filter>
    </ClCompile>
    <ClCompile Include="Scene\Object.cpp">
      <Filter>Source Files\Scene</Filter>
    </ClCompile>
    <ClCompile Include="Scene\Light.cpp">
      <Filter>Source Files\Scene</Filter>
    </ClCompile>
    <ClCompile Include="MathUtil.cpp">
      <Filter>Source Files</Filter>
    </ClCompile>
  </ItemGroup>
  <ItemGroup>
    <ClInclude Include="Precomp.h">
      <Filter>Header Files</Filter>
    </ClInclude>
    <ClInclude Include="AssetLoader.h">
      <Filter>Header Files</Filter>
    </ClInclude>
    <ClInclude Include="Scene\Scene.h">
      <Filter>Header Files\Scene</Filter>
    </ClInclude>
    <ClInclude Include="Scene\Visual.h">
      <Filter>Header Files\Scene</Filter>
    </ClInclude>
    <ClInclude Include="CoreGraphics\BasePresenter.h">
      <Filter>Header Files\CoreGraphics</Filter>
    </ClInclude>
    <ClInclude Include="CoreGraphics\BaseRenderer.h">
      <Filter>Header Files\CoreGraphics</Filter>
    </ClInclude>
    <ClInclude Include="CoreGraphics\ConstantBuffer.h">
      <Filter>Header Files\CoreGraphics</Filter>
    </ClInclude>
    <ClInclude Include="CoreGraphics\DxgiPresenter.h">
      <Filter>Header Files\CoreGraphics</Filter>
    </ClInclude>
    <ClInclude Include="CoreGraphics\GraphicsDevice.h">
      <Filter>Header Files\CoreGraphics</Filter>
    </ClInclude>
    <ClInclude Include="CoreGraphics\IndexBuffer.h">
      <Filter>Header Files\CoreGraphics</Filter>
    </ClInclude>
    <ClInclude Include="CoreGraphics\RenderingCommon.h">
      <Filter>Header Files\CoreGraphics</Filter>
    </ClInclude>
    <ClInclude Include="CoreGraphics\ShaderPass.h">
      <Filter>Header Files\CoreGraphics</Filter>
    </ClInclude>
    <ClInclude Include="CoreGraphics\Texture.h">
      <Filter>Header Files\CoreGraphics</Filter>
    </ClInclude>
    <ClInclude Include="CoreGraphics\VertexBuffer.h">
      <Filter>Header Files\CoreGraphics</Filter>
    </ClInclude>
    <ClInclude Include="CoreGraphics\VertexFormats.h">
      <Filter>Header Files\CoreGraphics</Filter>
    </ClInclude>
    <ClInclude Include="Renderers\LPFRenderer.h">
      <Filter>Header Files\Renderers</Filter>
    </ClInclude>
    <ClInclude Include="Scene\Light.h">
      <Filter>Header Files\Scene</Filter>
    </ClInclude>
    <ClInclude Include="Scene\Object.h">
      <Filter>Header Files\Scene</Filter>
    </ClInclude>
    <ClInclude Include="MathUtil.h">
      <Filter>Header Files</Filter>
    </ClInclude>
  </ItemGroup>
  <ItemGroup>
    <FxCompile Include="Shaders\DirectionalLight_MSAAx4_ps.hlsl">
      <Filter>Resource Files\Shaders</Filter>
    </FxCompile>
    <FxCompile Include="Shaders\DirectionalLight_ps.hlsl">
      <Filter>Resource Files\Shaders</Filter>
    </FxCompile>
    <FxCompile Include="Shaders\DirectionalLight_vs.hlsl">
      <Filter>Resource Files\Shaders</Filter>
    </FxCompile>
    <FxCompile Include="Shaders\FinalPass_MSAAx4_ps.hlsl">
      <Filter>Resource Files\Shaders</Filter>
    </FxCompile>
    <FxCompile Include="Shaders\FinalPass_ps.hlsl">
      <Filter>Resource Files\Shaders</Filter>
    </FxCompile>
    <FxCompile Include="Shaders\FinalPass_vs.hlsl">
      <Filter>Resource Files\Shaders</Filter>
    </FxCompile>
    <FxCompile Include="Shaders\GBuffer_ps.hlsl">
      <Filter>Resource Files\Shaders</Filter>
    </FxCompile>
    <FxCompile Include="Shaders\GBuffer_vs.hlsl">
      <Filter>Resource Files\Shaders</Filter>
    </FxCompile>
  </ItemGroup>
  <ItemGroup>
    <None Include="Shaders\Common.hlsli">
      <Filter>Resource Files\Shaders</Filter>
    </None>
  </ItemGroup>
</Project>